
Microsoft Visual Studio Solution File, Format Version 12.00
# Visual Studio Version 17
VisualStudioVersion = 17.5.002.0
MinimumVisualStudioVersion = 10.0.40219.1
Project("{9A19103F-16F7-4668-BE54-9A1E7A4F7556}") = "Example", "Example\Example.csproj", "{507C78A9-380B-4F40-AAD0-D9D295177598}"
EndProject
Project("{9A19103F-16F7-4668-BE54-9A1E7A4F7556}") = "NhlStats", "NhlStats\NhlStats.csproj", "{46C65129-BA2E-41BF-8CD6-8B073BB36097}"
EndProject
Global
	GlobalSection(SolutionConfigurationPlatforms) = preSolution
		Debug|Any CPU = Debug|Any CPU
		Release|Any CPU = Release|Any CPU
	EndGlobalSection
	GlobalSection(ProjectConfigurationPlatforms) = postSolution
		{507C78A9-380B-4F40-AAD0-D9D295177598}.Debug|Any CPU.ActiveCfg = Debug|Any CPU
		{507C78A9-380B-4F40-AAD0-D9D295177598}.Debug|Any CPU.Build.0 = Debug|Any CPU
		{507C78A9-380B-4F40-AAD0-D9D295177598}.Release|Any CPU.ActiveCfg = Release|Any CPU
		{507C78A9-380B-4F40-AAD0-D9D295177598}.Release|Any CPU.Build.0 = Release|Any CPU
		{46C65129-BA2E-41BF-8CD6-8B073BB36097}.Debug|Any CPU.ActiveCfg = Debug|Any CPU
		{46C65129-BA2E-41BF-8CD6-8B073BB36097}.Debug|Any CPU.Build.0 = Debug|Any CPU
		{46C65129-BA2E-41BF-8CD6-8B073BB36097}.Release|Any CPU.ActiveCfg = Release|Any CPU
		{46C65129-BA2E-41BF-8CD6-8B073BB36097}.Release|Any CPU.Build.0 = Release|Any CPU
	EndGlobalSection
	GlobalSection(SolutionProperties) = preSolution
		HideSolutionNode = FALSE
	EndGlobalSection
	GlobalSection(ExtensibilityGlobals) = postSolution
		SolutionGuid = {57F6E721-DCB1-4095-BE26-DC7649F5ED57}
	EndGlobalSection
EndGlobal
